
Microsoft Visual Studio Solution File, Format Version 12.00
# Visual Studio Version 17
VisualStudioVersion = 17.9.34616.47
MinimumVisualStudioVersion = 10.0.40219.1
Project("{FAE04EC0-301F-11D3-BF4B-00C04F79EFBC}") = "LibraryArchive.Domain", "LibraryArchive.Domain\LibraryArchive.Domain.csproj", "{4F00C60D-D9CB-4450-9E55-47EE53AE683D}"
EndProject
Project("{FAE04EC0-301F-11D3-BF4B-00C04F79EFBC}") = "LibraryArchive.Application", "LibraryArchive.Application\LibraryArchive.Application.csproj", "{E0478EC0-0A35-4DFF-8650-EB447B2F793C}"
EndProject
Project("{FAE04EC0-301F-11D3-BF4B-00C04F79EFBC}") = "LibraryArchive.Infrastructure", "LibraryArchive.Infrastructure\LibraryArchive.Infrastructure.csproj", "{E1E5915A-F94F-43D3-A95B-7A68AB3C599A}"
EndProject
Project("{FAE04EC0-301F-11D3-BF4B-00C04F79EFBC}") = "LibraryArchive.WebAPI", "LibraryArchive.WebAPI\LibraryArchive.WebAPI.csproj", "{FFA5229E-B3D9-4A0C-BE09-6EB032944327}"
EndProject
Global
	GlobalSection(SolutionConfigurationPlatforms) = preSolution
		Debug|Any CPU = Debug|Any CPU
		Release|Any CPU = Release|Any CPU
	EndGlobalSection
	GlobalSection(ProjectConfigurationPlatforms) = postSolution
		{4F00C60D-D9CB-4450-9E55-47EE53AE683D}.Debug|Any CPU.ActiveCfg = Debug|Any CPU
		{4F00C60D-D9CB-4450-9E55-47EE53AE683D}.Debug|Any CPU.Build.0 = Debug|Any CPU
		{4F00C60D-D9CB-4450-9E55-47EE53AE683D}.Release|Any CPU.ActiveCfg = Release|Any CPU
		{4F00C60D-D9CB-4450-9E55-47EE53AE683D}.Release|Any CPU.Build.0 = Release|Any CPU
		{E0478EC0-0A35-4DFF-8650-EB447B2F793C}.Debug|Any CPU.ActiveCfg = Debug|Any CPU
		{E0478EC0-0A35-4DFF-8650-EB447B2F793C}.Debug|Any CPU.Build.0 = Debug|Any CPU
		{E0478EC0-0A35-4DFF-8650-EB447B2F793C}.Release|Any CPU.ActiveCfg = Release|Any CPU
		{E0478EC0-0A35-4DFF-8650-EB447B2F793C}.Release|Any CPU.Build.0 = Release|Any CPU
		{E1E5915A-F94F-43D3-A95B-7A68AB3C599A}.Debug|Any CPU.ActiveCfg = Debug|Any CPU
		{E1E5915A-F94F-43D3-A95B-7A68AB3C599A}.Debug|Any CPU.Build.0 = Debug|Any CPU
		{E1E5915A-F94F-43D3-A95B-7A68AB3C599A}.Release|Any CPU.ActiveCfg = Release|Any CPU
		{E1E5915A-F94F-43D3-A95B-7A68AB3C599A}.Release|Any CPU.Build.0 = Release|Any CPU
		{FFA5229E-B3D9-4A0C-BE09-6EB032944327}.Debug|Any CPU.ActiveCfg = Debug|Any CPU
		{FFA5229E-B3D9-4A0C-BE09-6EB032944327}.Debug|Any CPU.Build.0 = Debug|Any CPU
		{FFA5229E-B3D9-4A0C-BE09-6EB032944327}.Release|Any CPU.ActiveCfg = Release|Any CPU
		{FFA5229E-B3D9-4A0C-BE09-6EB032944327}.Release|Any CPU.Build.0 = Release|Any CPU
	EndGlobalSection
	GlobalSection(SolutionProperties) = preSolution
		HideSolutionNode = FALSE
	EndGlobalSection
	GlobalSection(ExtensibilityGlobals) = postSolution
		SolutionGuid = {2245843F-18FC-482E-8717-773609353670}
	EndGlobalSection
EndGlobal
